
Microsoft Visual Studio Solution File, Format Version 12.00
# Visual Studio Version 17
VisualStudioVersion = 17.7.34024.191
MinimumVisualStudioVersion = 10.0.40219.1
Project("{FAE04EC0-301F-11D3-BF4B-00C04F79EFBC}") = "TagYouAreIt", "TagYouAreIt\TagYouAreIt.csproj", "{C58E075A-2190-4857-B462-B9E5EDE395C1}"
EndProject
Global
	GlobalSection(SolutionConfigurationPlatforms) = preSolution
		Debug|Any CPU = Debug|Any CPU
		Release|Any CPU = Release|Any CPU
	EndGlobalSection
	GlobalSection(ProjectConfigurationPlatforms) = postSolution
		{C58E075A-2190-4857-B462-B9E5EDE395C1}.Debug|Any CPU.ActiveCfg = Debug|Any CPU
		{C58E075A-2190-4857-B462-B9E5EDE395C1}.Debug|Any CPU.Build.0 = Debug|Any CPU
		{C58E075A-2190-4857-B462-B9E5EDE395C1}.Release|Any CPU.ActiveCfg = Release|Any CPU
		{C58E075A-2190-4857-B462-B9E5EDE395C1}.Release|Any CPU.Build.0 = Release|Any CPU
	EndGlobalSection
	GlobalSection(SolutionProperties) = preSolution
		HideSolutionNode = FALSE
	EndGlobalSection
	GlobalSection(ExtensibilityGlobals) = postSolution
		SolutionGuid = {F3D6EBE2-05C3-4C11-819C-DCA1413ADBC0}
	EndGlobalSection
EndGlobal
